// !$*UTF8*$!
{
	archiveVersion = 1;
	classes = {
	};
	objectVersion = 50;
	objects = {

/* Begin PBXBuildFile section */
		3B777DF52380FFD0001FC345 /* AppDelegate.swift in Sources */ = {isa = PBXBuildFile; fileRef = 3B777DF42380FFD0001FC345 /* AppDelegate.swift */; };
		3B777DF72380FFD0001FC345 /* SceneDelegate.swift in Sources */ = {isa = PBXBuildFile; fileRef = 3B777DF62380FFD0001FC345 /* SceneDelegate.swift */; };
		3B777DF92380FFD0001FC345 /* ViewController.swift in Sources */ = {isa = PBXBuildFile; fileRef = 3B777DF82380FFD0001FC345 /* ViewController.swift */; };
		3B777DFC2380FFD0001FC345 /* Main.storyboard in Resources */ = {isa = PBXBuildFile; fileRef = 3B777DFA2380FFD0001FC345 /* Main.storyboard */; };
		3B777DFF2380FFD0001FC345 /* ZwqMapGame.xcdatamodeld in Sources */ = {isa = PBXBuildFile; fileRef = 3B777DFD2380FFD0001FC345 /* ZwqMapGame.xcdatamodeld */; };
		3B777E012380FFD3001FC345 /* Assets.xcassets in Resources */ = {isa = PBXBuildFile; fileRef = 3B777E002380FFD3001FC345 /* Assets.xcassets */; };
		3B777E042380FFD3001FC345 /* LaunchScreen.storyboard in Resources */ = {isa = PBXBuildFile; fileRef = 3B777E022380FFD3001FC345 /* LaunchScreen.storyboard */; };
		3B777E1023810B0C001FC345 /* EarthAreaList.plist in Resources */ = {isa = PBXBuildFile; fileRef = 3B777E0F23810B0C001FC345 /* EarthAreaList.plist */; };
		3B7FBD3D238A57C00071A154 /* UITools.swift in Sources */ = {isa = PBXBuildFile; fileRef = 3B7FBD3C238A57C00071A154 /* UITools.swift */; };
		3B7FBD3F238A58350071A154 /* LanguageTool.swift in Sources */ = {isa = PBXBuildFile; fileRef = 3B7FBD3E238A58340071A154 /* LanguageTool.swift */; };
		3B7FBD41238A586B0071A154 /* extColor.swift in Sources */ = {isa = PBXBuildFile; fileRef = 3B7FBD40238A586B0071A154 /* extColor.swift */; };
		3B7FBD43238A587F0071A154 /* extString.swift in Sources */ = {isa = PBXBuildFile; fileRef = 3B7FBD42238A587F0071A154 /* extString.swift */; };
		3BFCFC47238669FC00CDF2AC /* AreaView.swift in Sources */ = {isa = PBXBuildFile; fileRef = 3BFCFC46238669FC00CDF2AC /* AreaView.swift */; };
/* End PBXBuildFile section */

/* Begin PBXFileReference section */
		3B777DF12380FFD0001FC345 /* ZwqMapGame.app */ = {isa = PBXFileReference; explicitFileType = wrapper.application; includeInIndex = 0; path = ZwqMapGame.app; sourceTree = BUILT_PRODUCTS_DIR; };
		3B777DF42380FFD0001FC345 /* AppDelegate.swift */ = {isa = PBXFileReference; lastKnownFileType = sourcecode.swift; path = AppDelegate.swift; sourceTree = "<group>"; };
		3B777DF62380FFD0001FC345 /* SceneDelegate.swift */ = {isa = PBXFileReference; lastKnownFileType = sourcecode.swift; path = SceneDelegate.swift; sourceTree = "<group>"; };
		3B777DF82380FFD0001FC345 /* ViewController.swift */ = {isa = PBXFileReference; lastKnownFileType = sourcecode.swift; path = ViewController.swift; sourceTree = "<group>"; };
		3B777DFB2380FFD0001FC345 /* Base */ = {isa = PBXFileReference; lastKnownFileType = file.storyboard; name = Base; path = Base.lproj/Main.storyboard; sourceTree = "<group>"; };
		3B777DFE2380FFD0001FC345 /* ZwqMapGame.xcdatamodel */ = {isa = PBXFileReference; lastKnownFileType = wrapper.xcdatamodel; path = ZwqMapGame.xcdatamodel; sourceTree = "<group>"; };
		3B777E002380FFD3001FC345 /* Assets.xcassets */ = {isa = PBXFileReference; lastKnownFileType = folder.assetcatalog; path = Assets.xcassets; sourceTree = "<group>"; };
		3B777E032380FFD3001FC345 /* Base */ = {isa = PBXFileReference; lastKnownFileType = file.storyboard; name = Base; path = Base.lproj/LaunchScreen.storyboard; sourceTree = "<group>"; };
		3B777E052380FFD3001FC345 /* Info.plist */ = {isa = PBXFileReference; lastKnownFileType = text.plist.xml; path = Info.plist; sourceTree = "<group>"; };
		3B777E0F23810B0C001FC345 /* EarthAreaList.plist */ = {isa = PBXFileReference; lastKnownFileType = text.plist.xml; path = EarthAreaList.plist; sourceTree = "<group>"; };
		3B7FBD3C238A57C00071A154 /* UITools.swift */ = {isa = PBXFileReference; fileEncoding = 4; lastKnownFileType = sourcecode.swift; name = UITools.swift; path = globalFunc/UITools.swift; sourceTree = "<group>"; };
		3B7FBD3E238A58340071A154 /* LanguageTool.swift */ = {isa = PBXFileReference; fileEncoding = 4; lastKnownFileType = sourcecode.swift; name = LanguageTool.swift; path = globalFunc/LanguageTool.swift; sourceTree = "<group>"; };
		3B7FBD40238A586B0071A154 /* extColor.swift */ = {isa = PBXFileReference; fileEncoding = 4; lastKnownFileType = sourcecode.swift; name = extColor.swift; path = extenstion/extColor.swift; sourceTree = "<group>"; };
		3B7FBD42238A587F0071A154 /* extString.swift */ = {isa = PBXFileReference; fileEncoding = 4; lastKnownFileType = sourcecode.swift; name = extString.swift; path = extenstion/extString.swift; sourceTree = "<group>"; };
		3BFCFC46238669FC00CDF2AC /* AreaView.swift */ = {isa = PBXFileReference; lastKnownFileType = sourcecode.swift; path = AreaView.swift; sourceTree = "<group>"; };
/* End PBXFileReference section */

/* Begin PBXFrameworksBuildPhase section */
		3B777DEE2380FFD0001FC345 /* Frameworks */ = {
			isa = PBXFrameworksBuildPhase;
			buildActionMask = 2147483647;
			files = (
			);
			runOnlyForDeploymentPostprocessing = 0;
		};
/* End PBXFrameworksBuildPhase section */

/* Begin PBXGroup section */
		3B16775323814933008A364A /* UI */ = {
			isa = PBXGroup;
			children = (
				3BFCFC45238669DD00CDF2AC /* area */,
			);
			path = UI;
			sourceTree = "<group>";
		};
		3B1677542381494C008A364A /* func */ = {
			isa = PBXGroup;
			children = (
				3B16775523814953008A364A /* tools */,
			);
			path = func;
			sourceTree = "<group>";
		};
		3B16775523814953008A364A /* tools */ = {
			isa = PBXGroup;
			children = (
				3B7FBD42238A587F0071A154 /* extString.swift */,
				3B7FBD40238A586B0071A154 /* extColor.swift */,
				3B7FBD3E238A58340071A154 /* LanguageTool.swift */,
				3B7FBD3C238A57C00071A154 /* UITools.swift */,
			);
			path = tools;
			sourceTree = "<group>";
		};
		3B777DE82380FFD0001FC345 = {
			isa = PBXGroup;
			children = (
				3B777DF32380FFD0001FC345 /* ZwqMapGame */,
				3B777DF22380FFD0001FC345 /* Products */,
			);
			sourceTree = "<group>";
		};
		3B777DF22380FFD0001FC345 /* Products */ = {
			isa = PBXGroup;
			children = (
				3B777DF12380FFD0001FC345 /* ZwqMapGame.app */,
			);
			name = Products;
			sourceTree = "<group>";
		};
		3B777DF32380FFD0001FC345 /* ZwqMapGame */ = {
			isa = PBXGroup;
			children = (
				3B1677542381494C008A364A /* func */,
				3B16775323814933008A364A /* UI */,
				3B777E0D23810AD1001FC345 /* data */,
				3B777DF42380FFD0001FC345 /* AppDelegate.swift */,
				3B777DF62380FFD0001FC345 /* SceneDelegate.swift */,
				3B777DF82380FFD0001FC345 /* ViewController.swift */,
				3B777DFA2380FFD0001FC345 /* Main.storyboard */,
				3B777E002380FFD3001FC345 /* Assets.xcassets */,
				3B777E022380FFD3001FC345 /* LaunchScreen.storyboard */,
				3B777E052380FFD3001FC345 /* Info.plist */,
				3B777DFD2380FFD0001FC345 /* ZwqMapGame.xcdatamodeld */,
			);
			path = ZwqMapGame;
			sourceTree = "<group>";
		};
		3B777E0D23810AD1001FC345 /* data */ = {
			isa = PBXGroup;
			children = (
				3B777E0E23810ADD001FC345 /* resource */,
			);
			path = data;
			sourceTree = "<group>";
		};
		3B777E0E23810ADD001FC345 /* resource */ = {
			isa = PBXGroup;
			children = (
				3B777E0F23810B0C001FC345 /* EarthAreaList.plist */,
			);
			path = resource;
			sourceTree = "<group>";
		};
		3BFCFC45238669DD00CDF2AC /* area */ = {
			isa = PBXGroup;
			children = (
				3BFCFC46238669FC00CDF2AC /* AreaView.swift */,
			);
			path = area;
			sourceTree = "<group>";
		};
/* End PBXGroup section */

/* Begin PBXNativeTarget section */
		3B777DF02380FFD0001FC345 /* ZwqMapGame */ = {
			isa = PBXNativeTarget;
			buildConfigurationList = 3B777E082380FFD3001FC345 /* Build configuration list for PBXNativeTarget "ZwqMapGame" */;
			buildPhases = (
				3B777DED2380FFD0001FC345 /* Sources */,
				3B777DEE2380FFD0001FC345 /* Frameworks */,
				3B777DEF2380FFD0001FC345 /* Resources */,
			);
			buildRules = (
			);
			dependencies = (
			);
			name = ZwqMapGame;
			productName = ZwqMapGame;
			productReference = 3B777DF12380FFD0001FC345 /* ZwqMapGame.app */;
			productType = "com.apple.product-type.application";
		};
/* End PBXNativeTarget section */

/* Begin PBXProject section */
		3B777DE92380FFD0001FC345 /* Project object */ = {
			isa = PBXProject;
			attributes = {
				LastSwiftUpdateCheck = 1110;
				LastUpgradeCheck = 1110;
				ORGANIZATIONNAME = zwq;
				TargetAttributes = {
					3B777DF02380FFD0001FC345 = {
						CreatedOnToolsVersion = 11.1;
					};
				};
			};
			buildConfigurationList = 3B777DEC2380FFD0001FC345 /* Build configuration list for PBXProject "ZwqMapGame" */;
			compatibilityVersion = "Xcode 9.3";
			developmentRegion = en;
			hasScannedForEncodings = 0;
			knownRegions = (
				en,
				Base,
			);
			mainGroup = 3B777DE82380FFD0001FC345;
			productRefGroup = 3B777DF22380FFD0001FC345 /* Products */;
			projectDirPath = "";
			projectRoot = "";
			targets = (
				3B777DF02380FFD0001FC345 /* ZwqMapGame */,
			);
		};
/* End PBXProject section */

/* Begin PBXResourcesBuildPhase section */
		3B777DEF2380FFD0001FC345 /* Resources */ = {
			isa = PBXResourcesBuildPhase;
			buildActionMask = 2147483647;
			files = (
				3B777E042380FFD3001FC345 /* LaunchScreen.storyboard in Resources */,
				3B777E012380FFD3001FC345 /* Assets.xcassets in Resources */,
				3B777E1023810B0C001FC345 /* EarthAreaList.plist in Resources */,
				3B777DFC2380FFD0001FC345 /* Main.storyboard in Resources */,
			);
			runOnlyForDeploymentPostprocessing = 0;
		};
/* End PBXResourcesBuildPhase section */

/* Begin PBXSourcesBuildPhase section */
		3B777DED2380FFD0001FC345 /* Sources */ = {
			isa = PBXSourcesBuildPhase;
			buildActionMask = 2147483647;
			files = (
				3B777DF92380FFD0001FC345 /* ViewController.swift in Sources */,
				3B7FBD41238A586B0071A154 /* extColor.swift in Sources */,
				3B7FBD3D238A57C00071A154 /* UITools.swift in Sources */,
				3B777DFF2380FFD0001FC345 /* ZwqMapGame.xcdatamodeld in Sources */,
				3B7FBD43238A587F0071A154 /* extString.swift in Sources */,
				3B7FBD3F238A58350071A154 /* LanguageTool.swift in Sources */,
				3B777DF52380FFD0001FC345 /* AppDelegate.swift in Sources */,
				3BFCFC47238669FC00CDF2AC /* AreaView.swift in Sources */,
				3B777DF72380FFD0001FC345 /* SceneDelegate.swift in Sources */,
			);
			runOnlyForDeploymentPostprocessing = 0;
		};
/* End PBXSourcesBuildPhase section */

/* Begin PBXVariantGroup section */
		3B777DFA2380FFD0001FC345 /* Main.storyboard */ = {
			isa = PBXVariantGroup;
			children = (
				3B777DFB2380FFD0001FC345 /* Base */,
			);
			name = Main.storyboard;
			sourceTree = "<group>";
		};
		3B777E022380FFD3001FC345 /* LaunchScreen.storyboard */ = {
			isa = PBXVariantGroup;
			children = (
				3B777E032380FFD3001FC345 /* Base */,
			);
			name = LaunchScreen.storyboard;
			sourceTree = "<group>";
		};
/* End PBXVariantGroup section */

/* Begin XCBuildConfiguration section */
		3B777E062380FFD3001FC345 /* Debug */ = {
			isa = XCBuildConfiguration;
			buildSettings = {
				ALWAYS_SEARCH_USER_PATHS = NO;
				CLANG_ANALYZER_NONNULL = YES;
				CLANG_ANALYZER_NUMBER_OBJECT_CONVERSION = YES_AGGRESSIVE;
				CLANG_CXX_LANGUAGE_STANDARD = "gnu++14";
				CLANG_CXX_LIBRARY = "libc++";
				CLANG_ENABLE_MODULES = YES;
				CLANG_ENABLE_OBJC_ARC = YES;
				CLANG_ENABLE_OBJC_WEAK = YES;
				CLANG_WARN_BLOCK_CAPTURE_AUTORELEASING = YES;
				CLANG_WARN_BOOL_CONVERSION = YES;
				CLANG_WARN_COMMA = YES;
				CLANG_WARN_CONSTANT_CONVERSION = YES;
				CLANG_WARN_DEPRECATED_OBJC_IMPLEMENTATIONS = YES;
				CLANG_WARN_DIRECT_OBJC_ISA_USAGE = YES_ERROR;
				CLANG_WARN_DOCUMENTATION_COMMENTS = YES;
				CLANG_WARN_EMPTY_BODY = YES;
				CLANG_WARN_ENUM_CONVERSION = YES;
				CLANG_WARN_INFINITE_RECURSION = YES;
				CLANG_WARN_INT_CONVERSION = YES;
				CLANG_WARN_NON_LITERAL_NULL_CONVERSION = YES;
				CLANG_WARN_OBJC_IMPLICIT_RETAIN_SELF = YES;
				CLANG_WARN_OBJC_LITERAL_CONVERSION = YES;
				CLANG_WARN_OBJC_ROOT_CLASS = YES_ERROR;
				CLANG_WARN_RANGE_LOOP_ANALYSIS = YES;
				CLANG_WARN_STRICT_PROTOTYPES = YES;
				CLANG_WARN_SUSPICIOUS_MOVE = YES;
				CLANG_WARN_UNGUARDED_AVAILABILITY = YES_AGGRESSIVE;
				CLANG_WARN_UNREACHABLE_CODE = YES;
				CLANG_WARN__DUPLICATE_METHOD_MATCH = YES;
				COPY_PHASE_STRIP = NO;
				DEBUG_INFORMATION_FORMAT = dwarf;
				ENABLE_STRICT_OBJC_MSGSEND = YES;
				ENABLE_TESTABILITY = YES;
				GCC_C_LANGUAGE_STANDARD = gnu11;
				GCC_DYNAMIC_NO_PIC = NO;
				GCC_NO_COMMON_BLOCKS = YES;
				GCC_OPTIMIZATION_LEVEL = 0;
				GCC_PREPROCESSOR_DEFINITIONS = (
					"DEBUG=1",
					"$(inherited)",
				);
				GCC_WARN_64_TO_32_BIT_CONVERSION = YES;
				GCC_WARN_ABOUT_RETURN_TYPE = YES_ERROR;
				GCC_WARN_UNDECLARED_SELECTOR = YES;
				GCC_WARN_UNINITIALIZED_AUTOS = YES_AGGRESSIVE;
				GCC_WARN_UNUSED_FUNCTION = YES;
				GCC_WARN_UNUSED_VARIABLE = YES;
				IPHONEOS_DEPLOYMENT_TARGET = 13.1;
				MTL_ENABLE_DEBUG_INFO = INCLUDE_SOURCE;
				MTL_FAST_MATH = YES;
				ONLY_ACTIVE_ARCH = YES;
				SDKROOT = iphoneos;
				SWIFT_ACTIVE_COMPILATION_CONDITIONS = DEBUG;
				SWIFT_OPTIMIZATION_LEVEL = "-Onone";
			};
			name = Debug;
		};
		3B777E072380FFD3001FC345 /* Release */ = {
			isa = XCBuildConfiguration;
			buildSettings = {
				ALWAYS_SEARCH_USER_PATHS = NO;
				CLANG_ANALYZER_NONNULL = YES;
				CLANG_ANALYZER_NUMBER_OBJECT_CONVERSION = YES_AGGRESSIVE;
				CLANG_CXX_LANGUAGE_STANDARD = "gnu++14";
				CLANG_CXX_LIBRARY = "libc++";
				CLANG_ENABLE_MODULES = YES;
				CLANG_ENABLE_OBJC_ARC = YES;
				CLANG_ENABLE_OBJC_WEAK = YES;
				CLANG_WARN_BLOCK_CAPTURE_AUTORELEASING = YES;
				CLANG_WARN_BOOL_CONVERSION = YES;
				CLANG_WARN_COMMA = YES;
				CLANG_WARN_CONSTANT_CONVERSION = YES;
				CLANG_WARN_DEPRECATED_OBJC_IMPLEMENTATIONS = YES;
				CLANG_WARN_DIRECT_OBJC_ISA_USAGE = YES_ERROR;
				CLANG_WARN_DOCUMENTATION_COMMENTS = YES;
				CLANG_WARN_EMPTY_BODY = YES;
				CLANG_WARN_ENUM_CONVERSION = YES;
				CLANG_WARN_INFINITE_RECURSION = YES;
				CLANG_WARN_INT_CONVERSION = YES;
				CLANG_WARN_NON_LITERAL_NULL_CONVERSION = YES;
				CLANG_WARN_OBJC_IMPLICIT_RETAIN_SELF = YES;
				CLANG_WARN_OBJC_LITERAL_CONVERSION = YES;
				CLANG_WARN_OBJC_ROOT_CLASS = YES_ERROR;
				CLANG_WARN_RANGE_LOOP_ANALYSIS = YES;
				CLANG_WARN_STRICT_PROTOTYPES = YES;
				CLANG_WARN_SUSPICIOUS_MOVE = YES;
				CLANG_WARN_UNGUARDED_AVAILABILITY = YES_AGGRESSIVE;
				CLANG_WARN_UNREACHABLE_CODE = YES;
				CLANG_WARN__DUPLICATE_METHOD_MATCH = YES;
				COPY_PHASE_STRIP = NO;
				DEBUG_INFORMATION_FORMAT = "dwarf-with-dsym";
				ENABLE_NS_ASSERTIONS = NO;
				ENABLE_STRICT_OBJC_MSGSEND = YES;
				GCC_C_LANGUAGE_STANDARD = gnu11;
				GCC_NO_COMMON_BLOCKS = YES;
				GCC_WARN_64_TO_32_BIT_CONVERSION = YES;
				GCC_WARN_ABOUT_RETURN_TYPE = YES_ERROR;
				GCC_WARN_UNDECLARED_SELECTOR = YES;
				GCC_WARN_UNINITIALIZED_AUTOS = YES_AGGRESSIVE;
				GCC_WARN_UNUSED_FUNCTION = YES;
				GCC_WARN_UNUSED_VARIABLE = YES;
				IPHONEOS_DEPLOYMENT_TARGET = 13.1;
				MTL_ENABLE_DEBUG_INFO = NO;
				MTL_FAST_MATH = YES;
				SDKROOT = iphoneos;
				SWIFT_COMPILATION_MODE = wholemodule;
				SWIFT_OPTIMIZATION_LEVEL = "-O";
				VALIDATE_PRODUCT = YES;
			};
			name = Release;
		};
		3B777E092380FFD3001FC345 /* Debug */ = {
			isa = XCBuildConfiguration;
			buildSettings = {
				ASSETCATALOG_COMPILER_APPICON_NAME = AppIcon;
				CODE_SIGN_STYLE = Automatic;
				DEVELOPMENT_TEAM = MYTR7U8F29;
				INFOPLIST_FILE = ZwqMapGame/Info.plist;
				LD_RUNPATH_SEARCH_PATHS = (
					"$(inherited)",
					"@executable_path/Frameworks",
				);
				PRODUCT_BUNDLE_IDENTIFIER = zwq.ZwqMapGame;
				PRODUCT_NAME = "$(TARGET_NAME)";
				SWIFT_VERSION = 5.0;
				TARGETED_DEVICE_FAMILY = "1,2";
			};
			name = Debug;
		};
		3B777E0A2380FFD3001FC345 /* Release */ = {
			isa = XCBuildConfiguration;
			buildSettings = {
				ASSETCATALOG_COMPILER_APPICON_NAME = AppIcon;
				CODE_SIGN_STYLE = Automatic;
				DEVELOPMENT_TEAM = MYTR7U8F29;
				INFOPLIST_FILE = ZwqMapGame/Info.plist;
				LD_RUNPATH_SEARCH_PATHS = (
					"$(inherited)",
					"@executable_path/Frameworks",
				);
				PRODUCT_BUNDLE_IDENTIFIER = zwq.ZwqMapGame;
				PRODUCT_NAME = "$(TARGET_NAME)";
				SWIFT_VERSION = 5.0;
				TARGETED_DEVICE_FAMILY = "1,2";
			};
			name = Release;
		};
/* End XCBuildConfiguration section */

/* Begin XCConfigurationList section */
		3B777DEC2380FFD0001FC345 /* Build configuration list for PBXProject "ZwqMapGame" */ = {
			isa = XCConfigurationList;
			buildConfigurations = (
				3B777E062380FFD3001FC345 /* Debug */,
				3B777E072380FFD3001FC345 /* Release */,
			);
			defaultConfigurationIsVisible = 0;
			defaultConfigurationName = Release;
		};
		3B777E082380FFD3001FC345 /* Build configuration list for PBXNativeTarget "ZwqMapGame" */ = {
			isa = XCConfigurationList;
			buildConfigurations = (
				3B777E092380FFD3001FC345 /* Debug */,
				3B777E0A2380FFD3001FC345 /* Release */,
			);
			defaultConfigurationIsVisible = 0;
			defaultConfigurationName = Release;
		};
/* End XCConfigurationList section */

/* Begin XCVersionGroup section */
		3B777DFD2380FFD0001FC345 /* ZwqMapGame.xcdatamodeld */ = {
			isa = XCVersionGroup;
			children = (
				3B777DFE2380FFD0001FC345 /* ZwqMapGame.xcdatamodel */,
			);
			currentVersion = 3B777DFE2380FFD0001FC345 /* ZwqMapGame.xcdatamodel */;
			path = ZwqMapGame.xcdatamodeld;
			sourceTree = "<group>";
			versionGroupType = wrapper.xcdatamodel;
		};
/* End XCVersionGroup section */
	};
	rootObject = 3B777DE92380FFD0001FC345 /* Project object */;
}
